# This file is automatically @generated by rv.
# It is not intended for manual editing.
version = 2
r_version = "4.5"

[[packages]]
name = "AsioHeaders"
version = "1.30.2-1"
source = { repository = "https://cloud.r-project.org/" }
force_source = false
dependencies = []

[[packages]]
name = "DBI"
version = "1.2.3"
source = { repository = "https://cloud.r-project.org/" }
force_source = false
dependencies = []

[[packages]]
name = "DescTools"
version = "0.99.60"
source = { repository = "https://cloud.r-project.org/" }
force_source = false
dependencies = [
    "MASS",
    "boot",
    "mvtnorm",
    "expm",
    { name = "Rcpp", requirement = "(>= 0.12.10)" },
    "rstudioapi",
    "Exact",
    "gld",
    "data.table",
    "readxl",
    "readr",
    "haven",
    "httr",
    "withr",
    "cli",
    "fs",
]

[[packages]]
name = "Exact"
version = "3.3"
source = { repository = "https://cloud.r-project.org/" }
force_source = false
dependencies = [
    "rootSolve",
]

[[packages]]
name = "KernSmooth"
version = "2.23-26"
source = { builtin = true }
force_source = false
dependencies = []

[[packages]]
name = "MASS"
version = "7.3-65"
source = { builtin = true }
force_source = false
dependencies = []

[[packages]]
name = "Matrix"
version = "1.7-4"
source = { builtin = true }
force_source = false
dependencies = [
    "lattice",
]

[[packages]]
name = "R.cache"
version = "0.17.0"
source = { repository = "https://cloud.r-project.org/" }
force_source = false
dependencies = [
    { name = "R.methodsS3", requirement = "(>= 1.8.1)" },
    { name = "R.oo", requirement = "(>= 1.24.0)" },
    { name = "R.utils", requirement = "(>= 2.10.1)" },
    { name = "digest", requirement = "(>= 0.6.13)" },
]

[[packages]]
name = "R.methodsS3"
version = "1.8.2"
source = { repository = "https://cloud.r-project.org/" }
force_source = false
dependencies = []

[[packages]]
name = "R.oo"
version = "1.27.1"
source = { repository = "https://cloud.r-project.org/" }
force_source = false
dependencies = [
    { name = "R.methodsS3", requirement = "(>= 1.8.2)" },
]

[[packages]]
name = "R.utils"
version = "2.13.0"
source = { repository = "https://cloud.r-project.org/" }
force_source = false
dependencies = [
    "R.oo",
    "R.methodsS3",
]

[[packages]]
name = "R6"
version = "2.6.1"
source = { repository = "https://cloud.r-project.org/" }
force_source = false
dependencies = []

[[packages]]
name = "RColorBrewer"
version = "1.1-3"
source = { repository = "https://cloud.r-project.org/" }
force_source = false
dependencies = []

[[packages]]
name = "RSQLite"
version = "2.4.5"
source = { repository = "https://cloud.r-project.org/" }
force_source = false
dependencies = [
    "bit64",
    { name = "blob", requirement = "(>= 1.2.0)" },
    { name = "DBI", requirement = "(>= 1.2.0)" },
    "memoise",
    "pkgconfig",
    "rlang",
    { name = "plogr", requirement = "(>= 0.2.0)" },
    { name = "cpp11", requirement = "(>= 0.4.0)" },
]

[[packages]]
name = "Rcpp"
version = "1.1.1"
source = { repository = "https://cloud.r-project.org/" }
force_source = false
dependencies = []

[[packages]]
name = "Rttf2pt1"
version = "1.3.14"
source = { repository = "https://cloud.r-project.org/" }
force_source = false
dependencies = []

[[packages]]
name = "S7"
version = "0.2.1"
source = { repository = "https://cloud.r-project.org/" }
force_source = false
dependencies = []

[[packages]]
name = "abind"
version = "1.4-8"
source = { repository = "https://cloud.r-project.org/" }
force_source = false
dependencies = []

[[packages]]
name = "apsimx"
version = "2.8.235"
source = { repository = "https://cloud.r-project.org/" }
force_source = false
dependencies = [
    "DBI",
    "jsonlite",
    "knitr",
    "RSQLite",
    "xml2",
]

[[packages]]
name = "askpass"
version = "1.2.1"
source = { repository = "https://cloud.r-project.org/" }
force_source = false
dependencies = [
    { name = "sys", requirement = "(>= 2.1)" },
]

[[packages]]
name = "backports"
version = "1.5.0"
source = { repository = "https://cloud.r-project.org/" }
force_source = false
dependencies = []

[[packages]]
name = "base64enc"
version = "0.1-3"
source = { repository = "https://cloud.r-project.org/" }
force_source = false
dependencies = []

[[packages]]
name = "bit"
version = "4.6.0"
source = { repository = "https://cloud.r-project.org/" }
force_source = false
dependencies = []

[[packages]]
name = "bit64"
version = "4.6.0-1"
source = { repository = "https://cloud.r-project.org/" }
force_source = false
dependencies = [
    { name = "bit", requirement = "(>= 4.0.0)" },
]

[[packages]]
name = "blob"
version = "1.3.0"
source = { repository = "https://cloud.r-project.org/" }
force_source = false
dependencies = [
    "rlang",
    { name = "vctrs", requirement = "(>= 0.2.1)" },
]

[[packages]]
name = "blogdown"
version = "1.23"
source = { repository = "https://cloud.r-project.org/" }
force_source = false
dependencies = [
    { name = "bookdown", requirement = "(>= 0.22)" },
    "htmltools",
    { name = "httpuv", requirement = "(>= 1.4.0)" },
    "jsonlite",
    { name = "knitr", requirement = "(>= 1.25)" },
    "later",
    { name = "rmarkdown", requirement = "(>= 2.8)" },
    { name = "servr", requirement = "(>= 0.21)" },
    { name = "xfun", requirement = "(>= 0.34)" },
    { name = "yaml", requirement = "(>= 2.1.19)" },
]

[[packages]]
name = "bookdown"
version = "0.46"
source = { repository = "https://cloud.r-project.org/" }
force_source = false
dependencies = [
    { name = "htmltools", requirement = "(>= 0.3.6)" },
    { name = "knitr", requirement = "(>= 1.38)" },
    { name = "rmarkdown", requirement = "(>= 2.14)" },
    "jquerylib",
    { name = "xfun", requirement = "(>= 0.48)" },
    { name = "tinytex", requirement = "(>= 0.12)" },
    { name = "yaml", requirement = "(>= 2.1.19)" },
]

[[packages]]
name = "boot"
version = "1.3-32"
source = { builtin = true }
force_source = false
dependencies = []

[[packages]]
name = "brew"
version = "1.0-10"
source = { repository = "https://cloud.r-project.org/" }
force_source = false
dependencies = []

[[packages]]
name = "bslib"
version = "0.9.0"
source = { repository = "https://cloud.r-project.org/" }
force_source = false
dependencies = [
    "base64enc",
    "cachem",
    { name = "fastmap", requirement = "(>= 1.1.1)" },
    { name = "htmltools", requirement = "(>= 0.5.8)" },
    { name = "jquerylib", requirement = "(>= 0.1.3)" },
    "jsonlite",
    "lifecycle",
    { name = "memoise", requirement = "(>= 2.0.1)" },
    "mime",
    "rlang",
    { name = "sass", requirement = "(>= 0.4.9)" },
]

[[packages]]
name = "cachem"
version = "1.1.0"
source = { repository = "https://cloud.r-project.org/" }
force_source = false
dependencies = [
    "rlang",
    { name = "fastmap", requirement = "(>= 1.2.0)" },
]

[[packages]]
name = "callr"
version = "3.7.6"
source = { repository = "https://cloud.r-project.org/" }
force_source = false
dependencies = [
    { name = "processx", requirement = "(>= 3.6.1)" },
    "R6",
]

[[packages]]
name = "cellranger"
version = "1.1.0"
source = { repository = "https://cloud.r-project.org/" }
force_source = false
dependencies = [
    "rematch",
    "tibble",
]

[[packages]]
name = "class"
version = "7.3-23"
source = { builtin = true }
force_source = false
dependencies = [
    "MASS",
]

[[packages]]
name = "classInt"
version = "0.4-11"
source = { repository = "https://cloud.r-project.org/" }
force_source = false
dependencies = [
    "e1071",
    "class",
    "KernSmooth",
]

[[packages]]
name = "cli"
version = "3.6.5"
source = { repository = "https://cloud.r-project.org/" }
force_source = false
dependencies = []

[[packages]]
name = "clipr"
version = "0.8.0"
source = { repository = "https://cloud.r-project.org/" }
force_source = false
dependencies = []

[[packages]]
name = "clock"
version = "0.7.4"
source = { repository = "https://cloud.r-project.org/" }
force_source = false
dependencies = [
    { name = "cli", requirement = "(>= 3.6.4)" },
    { name = "lifecycle", requirement = "(>= 1.0.4)" },
    { name = "rlang", requirement = "(>= 1.1.5)" },
    { name = "tzdb", requirement = "(>= 0.5.0)" },
    { name = "vctrs", requirement = "(>= 0.6.5)" },
    { name = "cpp11", requirement = "(>= 0.5.2)" },
]

[[packages]]
name = "codetools"
version = "0.2-20"
source = { builtin = true }
force_source = false
dependencies = []

[[packages]]
name = "collections"
version = "0.3.10"
source = { repository = "https://cloud.r-project.org/" }
force_source = false
dependencies = []

[[packages]]
name = "commonmark"
version = "2.0.0"
source = { repository = "https://cloud.r-project.org/" }
force_source = false
dependencies = []

[[packages]]
name = "cpp11"
version = "0.5.3"
source = { repository = "https://cloud.r-project.org/" }
force_source = false
dependencies = []

[[packages]]
name = "crayon"
version = "1.5.3"
source = { repository = "https://cloud.r-project.org/" }
force_source = false
dependencies = []

[[packages]]
name = "crul"
version = "1.6.0"
source = { repository = "https://cloud.r-project.org/" }
force_source = false
dependencies = [
    { name = "curl", requirement = "(>= 3.3)" },
    { name = "R6", requirement = "(>= 2.2.0)" },
    { name = "urltools", requirement = "(>= 1.6.0)" },
    { name = "httpcode", requirement = "(>= 0.2.0)" },
    "jsonlite",
    "mime",
    "rlang",
    "lifecycle",
]

[[packages]]
name = "curl"
version = "7.0.0"
source = { repository = "https://cloud.r-project.org/" }
force_source = false
dependencies = []

[[packages]]
name = "data.table"
version = "1.18.0"
source = { repository = "https://cloud.r-project.org/" }
force_source = false
dependencies = []

[[packages]]
name = "deSolve"
version = "1.40"
source = { repository = "https://cloud.r-project.org/" }
force_source = false
dependencies = []

[[packages]]
name = "desc"
version = "1.4.3"
source = { repository = "https://cloud.r-project.org/" }
force_source = false
dependencies = [
    "cli",
    "R6",
]

[[packages]]
name = "digest"
version = "0.6.39"
source = { repository = "https://cloud.r-project.org/" }
force_source = false
dependencies = []

[[packages]]
name = "dplyr"
version = "1.1.4"
source = { repository = "https://cloud.r-project.org/" }
force_source = false
dependencies = [
    { name = "cli", requirement = "(>= 3.4.0)" },
    "generics",
    { name = "glue", requirement = "(>= 1.3.2)" },
    { name = "lifecycle", requirement = "(>= 1.0.3)" },
    { name = "magrittr", requirement = "(>= 1.5)" },
    { name = "pillar", requirement = "(>= 1.9.0)" },
    "R6",
    { name = "rlang", requirement = "(>= 1.1.0)" },
    { name = "tibble", requirement = "(>= 3.2.0)" },
    { name = "tidyselect", requirement = "(>= 1.2.0)" },
    { name = "vctrs", requirement = "(>= 0.6.4)" },
]

[[packages]]
name = "e1071"
version = "1.7-17"
source = { repository = "https://cloud.r-project.org/" }
force_source = false
dependencies = [
    "class",
    "proxy",
]

[[packages]]
name = "epifitter"
version = "0.3.0"
source = { repository = "https://cloud.r-project.org/" }
force_source = false
dependencies = [
    "deSolve",
    "dplyr",
    "ggplot2",
    "knitr",
    "tidyr",
    "DescTools",
    "minpack.lm",
    "magrittr",
    "tibble",
]

[[packages]]
name = "evaluate"
version = "1.0.5"
source = { repository = "https://cloud.r-project.org/" }
force_source = false
dependencies = []

[[packages]]
name = "expm"
version = "1.0-0"
source = { repository = "https://cloud.r-project.org/" }
force_source = false
dependencies = [
    "Matrix",
]

[[packages]]
name = "extrafont"
version = "0.20"
source = { repository = "https://cloud.r-project.org/" }
force_source = false
dependencies = [
    "extrafontdb",
    "Rttf2pt1",
]

[[packages]]
name = "extrafontdb"
version = "1.1"
source = { repository = "https://cloud.r-project.org/" }
force_source = false
dependencies = []

[[packages]]
name = "farver"
version = "2.1.2"
source = { repository = "https://cloud.r-project.org/" }
force_source = false
dependencies = []

[[packages]]
name = "fastmap"
version = "1.2.0"
source = { repository = "https://cloud.r-project.org/" }
force_source = false
dependencies = []

[[packages]]
name = "filelock"
version = "1.0.3"
source = { repository = "https://cloud.r-project.org/" }
force_source = false
dependencies = []

[[packages]]
name = "fontBitstreamVera"
version = "0.1.1"
source = { repository = "https://cloud.r-project.org/" }
force_source = false
dependencies = []

[[packages]]
name = "fontLiberation"
version = "0.1.0"
source = { repository = "https://cloud.r-project.org/" }
force_source = false
dependencies = []

[[packages]]
name = "fontawesome"
version = "0.5.3"
source = { repository = "https://cloud.r-project.org/" }
force_source = false
dependencies = [
    { name = "rlang", requirement = "(>= 1.0.6)" },
    { name = "htmltools", requirement = "(>= 0.5.1.1)" },
]

[[packages]]
name = "fontquiver"
version = "0.2.1"
source = { repository = "https://cloud.r-project.org/" }
force_source = false
dependencies = [
    { name = "fontBitstreamVera", requirement = "(>= 0.1.0)" },
    { name = "fontLiberation", requirement = "(>= 0.1.0)" },
]

[[packages]]
name = "forcats"
version = "1.0.1"
source = { repository = "https://cloud.r-project.org/" }
force_source = false
dependencies = [
    { name = "cli", requirement = "(>= 3.4.0)" },
    "glue",
    "lifecycle",
    "magrittr",
    { name = "rlang", requirement = "(>= 1.0.0)" },
    "tibble",
]

[[packages]]
name = "foreign"
version = "0.8-90"
source = { builtin = true }
force_source = false
dependencies = []

[[packages]]
name = "fs"
version = "1.6.6"
source = { repository = "https://cloud.r-project.org/" }
force_source = false
dependencies = []

[[packages]]
name = "gdtools"
version = "0.4.4"
source = { repository = "https://cloud.r-project.org/" }
force_source = false
dependencies = [
    { name = "fontquiver", requirement = "(>= 0.2.0)" },
    "htmltools",
    { name = "Rcpp", requirement = "(>= 0.12.12)" },
    { name = "systemfonts", requirement = "(>= 1.3.1)" },
]

[[packages]]
name = "generics"
version = "0.1.4"
source = { repository = "https://cloud.r-project.org/" }
force_source = false
dependencies = []

[[packages]]
name = "ggiraph"
version = "0.9.3"
source = { repository = "https://cloud.r-project.org/" }
force_source = false
dependencies = [
    "cli",
    "dplyr",
    { name = "gdtools", requirement = "(>= 0.4.4)" },
    { name = "ggplot2", requirement = "(>= 4.0.0)" },
    "htmltools",
    { name = "htmlwidgets", requirement = "(>= 1.5)" },
    "purrr",
    { name = "Rcpp", requirement = "(>= 1.1.0)" },
    "rlang",
    { name = "S7", requirement = "(>= 0.2.0)" },
    { name = "systemfonts", requirement = "(>= 1.3.1)" },
    "vctrs",
]

[[packages]]
name = "ggplot2"
version = "4.0.1"
source = { repository = "https://cloud.r-project.org/" }
force_source = false
dependencies = [
    "cli",
    { name = "gtable", requirement = "(>= 0.3.6)" },
    "isoband",
    { name = "lifecycle", requirement = "(> 1.0.1)" },
    { name = "rlang", requirement = "(>= 1.1.0)" },
    "S7",
    { name = "scales", requirement = "(>= 1.4.0)" },
    { name = "vctrs", requirement = "(>= 0.6.0)" },
    { name = "withr", requirement = "(>= 2.5.0)" },
]

[[packages]]
name = "gld"
version = "2.6.8"
source = { repository = "https://cloud.r-project.org/" }
force_source = false
dependencies = [
    "e1071",
    "lmom",
]

[[packages]]
name = "glue"
version = "1.8.0"
source = { repository = "https://cloud.r-project.org/" }
force_source = false
dependencies = []

[[packages]]
name = "gtable"
version = "0.3.6"
source = { repository = "https://cloud.r-project.org/" }
force_source = false
dependencies = [
    "cli",
    "glue",
    "lifecycle",
    { name = "rlang", requirement = "(>= 1.1.0)" },
]

[[packages]]
name = "haven"
version = "2.5.5"
source = { repository = "https://cloud.r-project.org/" }
force_source = false
dependencies = [
    { name = "cli", requirement = "(>= 3.0.0)" },
    { name = "forcats", requirement = "(>= 0.2.0)" },
    "hms",
    "lifecycle",
    { name = "readr", requirement = "(>= 0.1.0)" },
    { name = "rlang", requirement = "(>= 0.4.0)" },
    "tibble",
    "tidyselect",
    { name = "vctrs", requirement = "(>= 0.3.0)" },
    "cpp11",
]

[[packages]]
name = "highr"
version = "0.11"
source = { repository = "https://cloud.r-project.org/" }
force_source = false
dependencies = [
    { name = "xfun", requirement = "(>= 0.18)" },
]

[[packages]]
name = "hms"
version = "1.1.4"
source = { repository = "https://cloud.r-project.org/" }
force_source = false
dependencies = [
    "cli",
    "lifecycle",
    "pkgconfig",
    { name = "rlang", requirement = "(>= 1.0.2)" },
    { name = "vctrs", requirement = "(>= 0.3.8)" },
]

[[packages]]
name = "hrbrthemes"
version = "0.9.2"
source = { git = "https://github.com/hrbrmstr/hrbrthemes", sha = "d3fd02949fc201c6db616ccaffbb9858aec6fd2b", branch = "master" }
force_source = true
dependencies = [
    { name = "ggplot2", requirement = "(>= 3.4.0)" },
    "scales",
    "extrafont",
    "magrittr",
    "gdtools",
]

[[packages]]
name = "htmltools"
version = "0.5.9"
source = { repository = "https://cloud.r-project.org/" }
force_source = false
dependencies = [
    "base64enc",
    "digest",
    { name = "fastmap", requirement = "(>= 1.1.0)" },
    { name = "rlang", requirement = "(>= 1.0.0)" },
]

[[packages]]
name = "htmlwidgets"
version = "1.6.4"
source = { repository = "https://cloud.r-project.org/" }
force_source = false
dependencies = [
    { name = "htmltools", requirement = "(>= 0.5.7)" },
    { name = "jsonlite", requirement = "(>= 0.9.16)" },
    { name = "knitr", requirement = "(>= 1.8)" },
    "rmarkdown",
    "yaml",
]

[[packages]]
name = "httpcode"
version = "0.3.0"
source = { repository = "https://cloud.r-project.org/" }
force_source = false
dependencies = []

[[packages]]
name = "httpgd"
version = "2.0.4"
source = { git = "https://github.com/nx10/httpgd", sha = "dd6ed3a687a2d7327bb28ca46725a0a203eb2a19", branch = "master" }
force_source = true
dependencies = [
    "unigd",
    { name = "cpp11", requirement = "(>= 0.2.4)" },
    { name = "AsioHeaders", requirement = "(>= 1.22.1)" },
]

[[packages]]
name = "httpuv"
version = "1.6.16"
source = { repository = "https://cloud.r-project.org/" }
force_source = false
dependencies = [
    { name = "later", requirement = "(>= 0.8.0)" },
    "promises",
    "R6",
    { name = "Rcpp", requirement = "(>= 1.0.7)" },
]

[[packages]]
name = "httr"
version = "1.4.7"
source = { repository = "https://cloud.r-project.org/" }
force_source = false
dependencies = [
    { name = "curl", requirement = "(>= 5.0.2)" },
    "jsonlite",
    "mime",
    { name = "openssl", requirement = "(>= 0.8)" },
    "R6",
]

[[packages]]
name = "isoband"
version = "0.3.0"
source = { repository = "https://cloud.r-project.org/" }
force_source = false
dependencies = [
    "cli",
    "rlang",
    "cpp11",
]

[[packages]]
name = "jquerylib"
version = "0.1.4"
source = { repository = "https://cloud.r-project.org/" }
force_source = false
dependencies = [
    "htmltools",
]

[[packages]]
name = "jsonlite"
version = "2.0.0"
source = { repository = "https://cloud.r-project.org/" }
force_source = false
dependencies = []

[[packages]]
name = "keyring"
version = "1.4.1"
source = { repository = "https://cloud.r-project.org/" }
force_source = false
dependencies = [
    "askpass",
    "filelock",
    "R6",
    "yaml",
]

[[packages]]
name = "knitr"
version = "1.51"
source = { repository = "https://cloud.r-project.org/" }
force_source = false
dependencies = [
    { name = "evaluate", requirement = "(>= 0.15)" },
    { name = "highr", requirement = "(>= 0.11)" },
    { name = "xfun", requirement = "(>= 0.52)" },
    { name = "yaml", requirement = "(>= 2.1.19)" },
]

[[packages]]
name = "labeling"
version = "0.4.3"
source = { repository = "https://cloud.r-project.org/" }
force_source = false
dependencies = []

[[packages]]
name = "languageserver"
version = "0.3.16"
source = { repository = "https://cloud.r-project.org/" }
force_source = false
dependencies = [
    { name = "callr", requirement = "(>= 3.0.0)" },
    { name = "collections", requirement = "(>= 0.3.0)" },
    { name = "fs", requirement = "(>= 1.3.1)" },
    { name = "jsonlite", requirement = "(>= 1.6)" },
    { name = "lintr", requirement = "(>= 3.0.0)" },
    { name = "R6", requirement = "(>= 2.4.1)" },
    { name = "roxygen2", requirement = "(>= 7.0.0)" },
    { name = "stringi", requirement = "(>= 1.1.7)" },
    { name = "styler", requirement = "(>= 1.5.1)" },
    { name = "xml2", requirement = "(>= 1.2.2)" },
    { name = "xmlparsedata", requirement = "(>= 1.0.3)" },
]

[[packages]]
name = "later"
version = "1.4.5"
source = { repository = "https://cloud.r-project.org/" }
force_source = false
dependencies = [
    { name = "Rcpp", requirement = "(>= 1.0.10)" },
    "rlang",
]

[[packages]]
name = "lattice"
version = "0.22-7"
source = { builtin = true }
force_source = false
dependencies = []

[[packages]]
name = "lazyeval"
version = "0.2.2"
source = { repository = "https://cloud.r-project.org/" }
force_source = false
dependencies = []

[[packages]]
name = "lifecycle"
version = "1.0.5"
source = { repository = "https://cloud.r-project.org/" }
force_source = false
dependencies = [
    { name = "cli", requirement = "(>= 3.4.0)" },
    { name = "rlang", requirement = "(>= 1.1.0)" },
]

[[packages]]
name = "lintr"
version = "3.3.0-1"
source = { repository = "https://cloud.r-project.org/" }
force_source = false
dependencies = [
    { name = "backports", requirement = "(>= 1.5.0)" },
    { name = "cli", requirement = "(>= 3.4.0)" },
    "codetools",
    "digest",
    "glue",
    "knitr",
    "rex",
    "xfun",
    { name = "xml2", requirement = "(>= 1.0.0)" },
    { name = "xmlparsedata", requirement = "(>= 1.0.5)" },
]

[[packages]]
name = "lmom"
version = "3.2"
source = { repository = "https://cloud.r-project.org/" }
force_source = false
dependencies = []

[[packages]]
name = "lubridate"
version = "1.9.4"
source = { repository = "https://cloud.r-project.org/" }
force_source = false
dependencies = [
    "generics",
    { name = "timechange", requirement = "(>= 0.3.0)" },
]

[[packages]]
name = "magick"
version = "2.9.0"
source = { repository = "https://cloud.r-project.org/" }
force_source = false
dependencies = [
    { name = "Rcpp", requirement = "(>= 0.12.12)" },
    "magrittr",
    "curl",
]

[[packages]]
name = "magrittr"
version = "2.0.4"
source = { repository = "https://cloud.r-project.org/" }
force_source = false
dependencies = []

[[packages]]
name = "memoise"
version = "2.0.1"
source = { repository = "https://cloud.r-project.org/" }
force_source = false
dependencies = [
    { name = "rlang", requirement = "(>= 0.4.10)" },
    "cachem",
]

[[packages]]
name = "mime"
version = "0.13"
source = { repository = "https://cloud.r-project.org/" }
force_source = false
dependencies = []

[[packages]]
name = "minpack.lm"
version = "1.2-4"
source = { repository = "https://cloud.r-project.org/" }
force_source = false
dependencies = []

[[packages]]
name = "mvtnorm"
version = "1.3-3"
source = { repository = "https://cloud.r-project.org/" }
force_source = false
dependencies = []

[[packages]]
name = "nasapower"
version = "4.2.5"
source = { repository = "https://cloud.r-project.org/" }
force_source = false
dependencies = [
    "cli",
    "crul",
    "lubridate",
    "readr",
    "rlang",
    { name = "tibble", requirement = "(>= 3.0.2)" },
    "yyjsonr",
]

[[packages]]
name = "openssl"
version = "2.3.4"
source = { repository = "https://cloud.r-project.org/" }
force_source = false
dependencies = [
    "askpass",
]

[[packages]]
name = "otel"
version = "0.2.0"
source = { repository = "https://cloud.r-project.org/" }
force_source = false
dependencies = []

[[packages]]
name = "pillar"
version = "1.11.1"
source = { repository = "https://cloud.r-project.org/" }
force_source = false
dependencies = [
    { name = "cli", requirement = "(>= 2.3.0)" },
    "glue",
    "lifecycle",
    { name = "rlang", requirement = "(>= 1.0.2)" },
    { name = "utf8", requirement = "(>= 1.1.0)" },
    { name = "vctrs", requirement = "(>= 0.5.0)" },
]

[[packages]]
name = "pkgbuild"
version = "1.4.8"
source = { repository = "https://cloud.r-project.org/" }
force_source = false
dependencies = [
    { name = "callr", requirement = "(>= 3.2.0)" },
    { name = "cli", requirement = "(>= 3.4.0)" },
    "desc",
    "processx",
    "R6",
]

[[packages]]
name = "pkgconfig"
version = "2.0.3"
source = { repository = "https://cloud.r-project.org/" }
force_source = false
dependencies = []

[[packages]]
name = "pkgload"
version = "1.4.1"
source = { repository = "https://cloud.r-project.org/" }
force_source = false
dependencies = [
    { name = "cli", requirement = "(>= 3.3.0)" },
    "desc",
    "fs",
    "glue",
    "lifecycle",
    "pkgbuild",
    "processx",
    { name = "rlang", requirement = "(>= 1.1.1)" },
    "rprojroot",
]

[[packages]]
name = "plogr"
version = "0.2.0"
source = { repository = "https://cloud.r-project.org/" }
force_source = false
dependencies = []

[[packages]]
name = "prettyunits"
version = "1.2.0"
source = { repository = "https://cloud.r-project.org/" }
force_source = false
dependencies = []

[[packages]]
name = "processx"
version = "3.8.6"
source = { repository = "https://cloud.r-project.org/" }
force_source = false
dependencies = [
    { name = "ps", requirement = "(>= 1.2.0)" },
    "R6",
]

[[packages]]
name = "progress"
version = "1.2.3"
source = { repository = "https://cloud.r-project.org/" }
force_source = false
dependencies = [
    "crayon",
    "hms",
    "prettyunits",
    "R6",
]

[[packages]]
name = "promises"
version = "1.5.0"
source = { repository = "https://cloud.r-project.org/" }
force_source = false
dependencies = [
    { name = "fastmap", requirement = "(>= 1.1.0)" },
    "later",
    "lifecycle",
    { name = "magrittr", requirement = "(>= 1.5)" },
    { name = "otel", requirement = "(>= 0.2.0)" },
    "R6",
    "rlang",
]

[[packages]]
name = "proxy"
version = "0.4-29"
source = { repository = "https://cloud.r-project.org/" }
force_source = false
dependencies = []

[[packages]]
name = "ps"
version = "1.9.1"
source = { repository = "https://cloud.r-project.org/" }
force_source = false
dependencies = []

[[packages]]
name = "purrr"
version = "1.2.1"
source = { repository = "https://cloud.r-project.org/" }
force_source = false
dependencies = [
    { name = "cli", requirement = "(>= 3.6.1)" },
    { name = "lifecycle", requirement = "(>= 1.0.3)" },
    { name = "magrittr", requirement = "(>= 1.5.0)" },
    { name = "rlang", requirement = "(>= 1.1.1)" },
    { name = "vctrs", requirement = "(>= 0.6.3)" },
]

[[packages]]
name = "rappdirs"
version = "0.3.4"
source = { repository = "https://cloud.r-project.org/" }
force_source = false
dependencies = []

[[packages]]
name = "readr"
version = "2.1.6"
source = { repository = "https://cloud.r-project.org/" }
force_source = false
dependencies = [
    { name = "cli", requirement = "(>= 3.2.0)" },
    "clipr",
    "crayon",
    { name = "hms", requirement = "(>= 0.4.1)" },
    { name = "lifecycle", requirement = "(>= 0.2.0)" },
    "R6",
    "rlang",
    "tibble",
    { name = "vroom", requirement = "(>= 1.6.0)" },
    "cpp11",
    { name = "tzdb", requirement = "(>= 0.1.1)" },
]

[[packages]]
name = "readxl"
version = "1.4.5"
source = { repository = "https://cloud.r-project.org/" }
force_source = false
dependencies = [
    "cellranger",
    { name = "tibble", requirement = "(>= 2.0.1)" },
    { name = "cpp11", requirement = "(>= 0.4.0)" },
    "progress",
]

[[packages]]
name = "rematch"
version = "2.0.0"
source = { repository = "https://cloud.r-project.org/" }
force_source = false
dependencies = []

[[packages]]
name = "rex"
version = "1.2.1"
source = { repository = "https://cloud.r-project.org/" }
force_source = false
dependencies = [
    "lazyeval",
]

[[packages]]
name = "rlang"
version = "1.1.7"
source = { repository = "https://cloud.r-project.org/" }
force_source = false
dependencies = []

[[packages]]
name = "rmarkdown"
version = "2.30"
source = { repository = "https://cloud.r-project.org/" }
force_source = false
dependencies = [
    { name = "bslib", requirement = "(>= 0.2.5.1)" },
    { name = "evaluate", requirement = "(>= 0.13)" },
    { name = "fontawesome", requirement = "(>= 0.5.0)" },
    { name = "htmltools", requirement = "(>= 0.5.1)" },
    "jquerylib",
    "jsonlite",
    { name = "knitr", requirement = "(>= 1.43)" },
    { name = "tinytex", requirement = "(>= 0.31)" },
    { name = "xfun", requirement = "(>= 0.36)" },
    { name = "yaml", requirement = "(>= 2.1.19)" },
]

[[packages]]
name = "rootSolve"
version = "1.8.2.4"
source = { repository = "https://cloud.r-project.org/" }
force_source = false
dependencies = []

[[packages]]
name = "roxygen2"
version = "7.3.3"
source = { repository = "https://cloud.r-project.org/" }
force_source = false
dependencies = [
    "brew",
    { name = "cli", requirement = "(>= 3.3.0)" },
    "commonmark",
    { name = "desc", requirement = "(>= 1.2.0)" },
    "knitr",
    { name = "pkgload", requirement = "(>= 1.0.2)" },
    { name = "purrr", requirement = "(>= 1.0.0)" },
    { name = "R6", requirement = "(>= 2.1.2)" },
    { name = "rlang", requirement = "(>= 1.0.6)" },
    "stringi",
    { name = "stringr", requirement = "(>= 1.0.0)" },
    "withr",
    "xml2",
    "cpp11",
]

[[packages]]
name = "rprojroot"
version = "2.1.1"
source = { repository = "https://cloud.r-project.org/" }
force_source = false
dependencies = []

[[packages]]
name = "rstudioapi"
version = "0.18.0"
source = { repository = "https://cloud.r-project.org/" }
force_source = false
dependencies = []

[[packages]]
name = "s2"
version = "1.1.9"
source = { repository = "https://cloud.r-project.org/" }
force_source = false
dependencies = [
    "Rcpp",
    { name = "wk", requirement = "(>= 0.6.0)" },
]

[[packages]]
name = "sass"
version = "0.4.10"
source = { repository = "https://cloud.r-project.org/" }
force_source = false
dependencies = [
    { name = "fs", requirement = "(>= 1.2.4)" },
    { name = "rlang", requirement = "(>= 0.4.10)" },
    { name = "htmltools", requirement = "(>= 0.5.1)" },
    "R6",
    "rappdirs",
]

[[packages]]
name = "scales"
version = "1.4.0"
source = { repository = "https://cloud.r-project.org/" }
force_source = false
dependencies = [
    "cli",
    { name = "farver", requirement = "(>= 2.0.3)" },
    "glue",
    "labeling",
    "lifecycle",
    "R6",
    "RColorBrewer",
    { name = "rlang", requirement = "(>= 1.1.0)" },
    "viridisLite",
]

[[packages]]
name = "servr"
version = "0.32"
source = { repository = "https://cloud.r-project.org/" }
force_source = false
dependencies = [
    { name = "mime", requirement = "(>= 0.2)" },
    { name = "httpuv", requirement = "(>= 1.5.2)" },
    { name = "xfun", requirement = "(>= 0.48)" },
    "jsonlite",
]

[[packages]]
name = "sf"
version = "1.0-24"
source = { repository = "https://cloud.r-project.org/" }
force_source = false
dependencies = [
    { name = "classInt", requirement = "(>= 0.4-1)" },
    { name = "DBI", requirement = "(>= 0.8)" },
    "magrittr",
    { name = "s2", requirement = "(>= 1.1.0)" },
    { name = "units", requirement = "(>= 0.7-0)" },
    "Rcpp",
]

[[packages]]
name = "stars"
version = "0.7-0"
source = { repository = "https://cloud.r-project.org/" }
force_source = false
dependencies = [
    "abind",
    { name = "sf", requirement = "(>= 1.0-19)" },
    { name = "classInt", requirement = "(>= 0.4-1)" },
    "rlang",
    "units",
]

[[packages]]
name = "stringi"
version = "1.8.7"
source = { repository = "https://cloud.r-project.org/" }
force_source = false
dependencies = []

[[packages]]
name = "stringr"
version = "1.6.0"
source = { repository = "https://cloud.r-project.org/" }
force_source = false
dependencies = [
    "cli",
    { name = "glue", requirement = "(>= 1.6.1)" },
    { name = "lifecycle", requirement = "(>= 1.0.3)" },
    "magrittr",
    { name = "rlang", requirement = "(>= 1.0.0)" },
    { name = "stringi", requirement = "(>= 1.5.3)" },
    { name = "vctrs", requirement = "(>= 0.4.0)" },
]

[[packages]]
name = "styler"
version = "1.11.0"
source = { repository = "https://cloud.r-project.org/" }
force_source = false
dependencies = [
    { name = "cli", requirement = "(>= 3.1.1)" },
    { name = "magrittr", requirement = "(>= 2.0.0)" },
    { name = "purrr", requirement = "(>= 1.0.2)" },
    { name = "R.cache", requirement = "(>= 0.15.0)" },
    { name = "rlang", requirement = "(>= 1.0.0)" },
    { name = "rprojroot", requirement = "(>= 1.1)" },
    { name = "vctrs", requirement = "(>= 0.4.1)" },
    { name = "withr", requirement = "(>= 2.3.0)" },
]

[[packages]]
name = "sys"
version = "3.4.3"
source = { repository = "https://cloud.r-project.org/" }
force_source = false
dependencies = []

[[packages]]
name = "systemfonts"
version = "1.3.1"
source = { repository = "https://cloud.r-project.org/" }
force_source = false
dependencies = [
    "base64enc",
    "jsonlite",
    "lifecycle",
    { name = "cpp11", requirement = "(>= 0.2.1)" },
]

[[packages]]
name = "terra"
version = "1.8-93"
source = { repository = "https://cloud.r-project.org/" }
force_source = false
dependencies = [
    { name = "Rcpp", requirement = "(>= 1.0-10)" },
]

[[packages]]
name = "tibble"
version = "3.3.1"
source = { repository = "https://cloud.r-project.org/" }
force_source = false
dependencies = [
    "cli",
    { name = "lifecycle", requirement = "(>= 1.0.0)" },
    "magrittr",
    { name = "pillar", requirement = "(>= 1.8.1)" },
    "pkgconfig",
    { name = "rlang", requirement = "(>= 1.0.2)" },
    { name = "vctrs", requirement = "(>= 0.5.0)" },
]

[[packages]]
name = "tidyr"
version = "1.3.2"
source = { repository = "https://cloud.r-project.org/" }
force_source = false
dependencies = [
    { name = "cli", requirement = "(>= 3.4.1)" },
    { name = "dplyr", requirement = "(>= 1.1.0)" },
    "glue",
    { name = "lifecycle", requirement = "(>= 1.0.3)" },
    "magrittr",
    { name = "purrr", requirement = "(>= 1.0.1)" },
    { name = "rlang", requirement = "(>= 1.1.1)" },
    { name = "stringr", requirement = "(>= 1.5.0)" },
    { name = "tibble", requirement = "(>= 2.1.1)" },
    { name = "tidyselect", requirement = "(>= 1.2.1)" },
    { name = "vctrs", requirement = "(>= 0.5.2)" },
    { name = "cpp11", requirement = "(>= 0.4.0)" },
]

[[packages]]
name = "tidyselect"
version = "1.2.1"
source = { repository = "https://cloud.r-project.org/" }
force_source = false
dependencies = [
    { name = "cli", requirement = "(>= 3.3.0)" },
    { name = "glue", requirement = "(>= 1.3.0)" },
    { name = "lifecycle", requirement = "(>= 1.0.3)" },
    { name = "rlang", requirement = "(>= 1.0.4)" },
    { name = "vctrs", requirement = "(>= 0.5.2)" },
    "withr",
]

[[packages]]
name = "timechange"
version = "0.3.0"
source = { repository = "https://cloud.r-project.org/" }
force_source = false
dependencies = [
    { name = "cpp11", requirement = "(>= 0.2.7)" },
]

[[packages]]
name = "tinytex"
version = "0.58"
source = { repository = "https://cloud.r-project.org/" }
force_source = false
dependencies = [
    { name = "xfun", requirement = "(>= 0.48)" },
]

[[packages]]
name = "triebeard"
version = "0.4.1"
source = { repository = "https://cloud.r-project.org/" }
force_source = false
dependencies = [
    "Rcpp",
]

[[packages]]
name = "tzdb"
version = "0.5.0"
source = { repository = "https://cloud.r-project.org/" }
force_source = false
dependencies = [
    { name = "cpp11", requirement = "(>= 0.5.2)" },
]

[[packages]]
name = "unigd"
version = "0.1.3"
source = { repository = "https://cloud.r-project.org/" }
force_source = false
dependencies = [
    { name = "systemfonts", requirement = "(>= 1.0.0)" },
    { name = "cpp11", requirement = "(>= 0.2.4)" },
]

[[packages]]
name = "units"
version = "1.0-0"
source = { repository = "https://cloud.r-project.org/" }
force_source = false
dependencies = [
    "Rcpp",
]

[[packages]]
name = "urltools"
version = "1.7.3.1"
source = { repository = "https://cloud.r-project.org/" }
force_source = false
dependencies = [
    "Rcpp",
    "triebeard",
]

[[packages]]
name = "utf8"
version = "1.2.6"
source = { repository = "https://cloud.r-project.org/" }
force_source = false
dependencies = []

[[packages]]
name = "vctrs"
version = "0.7.1"
source = { repository = "https://cloud.r-project.org/" }
force_source = false
dependencies = [
    { name = "cli", requirement = "(>= 3.4.0)" },
    "glue",
    { name = "lifecycle", requirement = "(>= 1.0.3)" },
    { name = "rlang", requirement = "(>= 1.1.7)" },
]

[[packages]]
name = "viridisLite"
version = "0.4.2"
source = { repository = "https://cloud.r-project.org/" }
force_source = false
dependencies = []

[[packages]]
name = "vroom"
version = "1.6.7"
source = { repository = "https://cloud.r-project.org/" }
force_source = false
dependencies = [
    "bit64",
    { name = "cli", requirement = "(>= 3.2.0)" },
    "crayon",
    "glue",
    "hms",
    { name = "lifecycle", requirement = "(>= 1.0.3)" },
    { name = "rlang", requirement = "(>= 0.4.2)" },
    { name = "tibble", requirement = "(>= 2.0.0)" },
    "tidyselect",
    { name = "tzdb", requirement = "(>= 0.1.1)" },
    { name = "vctrs", requirement = "(>= 0.2.0)" },
    "withr",
    { name = "cpp11", requirement = "(>= 0.2.0)" },
    { name = "progress", requirement = "(>= 1.2.3)" },
]

[[packages]]
name = "weatherOz"
version = "2.0.2"
source = { repository = "https://cloud.r-project.org/" }
force_source = false
dependencies = [
    "apsimx",
    "clock",
    "crayon",
    "curl",
    { name = "crul", requirement = "(>= 1.6.0)" },
    { name = "data.table", requirement = "(>= 1.1.5)" },
    "foreign",
    "jsonlite",
    "knitr",
    "lubridate",
    "magick",
    "sf",
    "stars",
    "terra",
    "xml2",
]

[[packages]]
name = "withr"
version = "3.0.2"
source = { repository = "https://cloud.r-project.org/" }
force_source = false
dependencies = []

[[packages]]
name = "wk"
version = "0.9.5"
source = { repository = "https://cloud.r-project.org/" }
force_source = false
dependencies = []

[[packages]]
name = "xfun"
version = "0.56"
source = { repository = "https://cloud.r-project.org/" }
force_source = false
dependencies = []

[[packages]]
name = "xml2"
version = "1.5.2"
source = { repository = "https://cloud.r-project.org/" }
force_source = false
dependencies = [
    "cli",
    { name = "rlang", requirement = "(>= 1.1.0)" },
]

[[packages]]
name = "xmlparsedata"
version = "1.0.5"
source = { repository = "https://cloud.r-project.org/" }
force_source = false
dependencies = []

[[packages]]
name = "yaml"
version = "2.3.12"
source = { repository = "https://cloud.r-project.org/" }
force_source = false
dependencies = []

[[packages]]
name = "yyjsonr"
version = "0.1.21"
source = { repository = "https://cloud.r-project.org/" }
force_source = false
dependencies = []
